
Microsoft Visual Studio Solution File, Format Version 12.00
# Visual Studio 15
VisualStudioVersion = 15.0.33026.149
MinimumVisualStudioVersion = 10.0.40219.1
Project("{8BC9CEB8-8B4A-11D0-8D11-00A0C91BC942}") = "BimModelInput", "..\BimModelInput\BimModelInput.vcxproj", "{764EE145-B7BA-4F01-B333-DE9FBBE622AE}"
EndProject
Project("{8BC9CEB8-8B4A-11D0-8D11-00A0C91BC942}") = "PluginLab", "..\PluginLab\PluginLab.vcxproj", "{508CB485-3731-4B14-9DAC-C78DD4655A12}"
EndProject
Project("{8BC9CEB8-8B4A-11D0-8D11-00A0C91BC942}") = "bim23dtiles", "ifc23dtiles.vcxproj", "{2D513B58-4617-4087-A56A-75D086892EE1}"
	ProjectSection(ProjectDependencies) = postProject
		{276F230C-F07C-4201-A8D8-1F4865C4030B} = {276F230C-F07C-4201-A8D8-1F4865C4030B}
	EndProjectSection
EndProject
Project("{8BC9CEB8-8B4A-11D0-8D11-00A0C91BC942}") = "PluginIfcppold", "..\PluginIfcppold\PluginIfcppold.vcxproj", "{FEBE1DB7-EA41-4FF1-BA4C-BF98B8768D35}"
EndProject
Project("{8BC9CEB8-8B4A-11D0-8D11-00A0C91BC942}") = "PluginIfcplusplus", "..\PluginIfcplusplus\PluginIfcplusplus.vcxproj", "{A86CCF41-E09B-431A-BD47-9D5360AF6B7B}"
EndProject
Project("{8BC9CEB8-8B4A-11D0-8D11-00A0C91BC942}") = "PluginIfcengine", "..\PluginIfcengine\PluginIfcengine.vcxproj", "{1A255828-E6C6-46BF-B453-D7A6CCD0DB70}"
EndProject
Project("{8BC9CEB8-8B4A-11D0-8D11-00A0C91BC942}") = "PluginIfcopenshell", "..\PluginIfcopenshell\PluginIfcopenshell.vcxproj", "{7015594D-C119-4824-B23E-CFA8D918FCFD}"
EndProject
Project("{8BC9CEB8-8B4A-11D0-8D11-00A0C91BC942}") = "PluginCLM", "..\PluginCLM\PluginCLM.vcxproj", "{0ECCEC7D-342D-4EBD-BA83-BD6E3575725A}"
	ProjectSection(ProjectDependencies) = postProject
		{764EE145-B7BA-4F01-B333-DE9FBBE622AE} = {764EE145-B7BA-4F01-B333-DE9FBBE622AE}
	EndProjectSection
EndProject
Project("{8BC9CEB8-8B4A-11D0-8D11-00A0C91BC942}") = "TilesStorage", "..\TilesStorage\TilesStorage.vcxproj", "{7719C26C-0627-466D-B3DF-D321306F6D23}"
EndProject
Project("{8BC9CEB8-8B4A-11D0-8D11-00A0C91BC942}") = "PluginIfcpplast", "..\PluginIfcpplast\PluginIfcpplast.vcxproj", "{276F230C-F07C-4201-A8D8-1F4865C4030B}"
	ProjectSection(ProjectDependencies) = postProject
		{764EE145-B7BA-4F01-B333-DE9FBBE622AE} = {764EE145-B7BA-4F01-B333-DE9FBBE622AE}
	EndProjectSection
EndProject
Global
	GlobalSection(SolutionConfigurationPlatforms) = preSolution
		Debug|x64 = Debug|x64
		Debug|x86 = Debug|x86
		Release|x64 = Release|x64
		Release|x86 = Release|x86
	EndGlobalSection
	GlobalSection(ProjectConfigurationPlatforms) = postSolution
		{764EE145-B7BA-4F01-B333-DE9FBBE622AE}.Debug|x64.ActiveCfg = Debug|x64
		{764EE145-B7BA-4F01-B333-DE9FBBE622AE}.Debug|x64.Build.0 = Debug|x64
		{764EE145-B7BA-4F01-B333-DE9FBBE622AE}.Debug|x86.ActiveCfg = Debug|Win32
		{764EE145-B7BA-4F01-B333-DE9FBBE622AE}.Debug|x86.Build.0 = Debug|Win32
		{764EE145-B7BA-4F01-B333-DE9FBBE622AE}.Release|x64.ActiveCfg = Release|x64
		{764EE145-B7BA-4F01-B333-DE9FBBE622AE}.Release|x64.Build.0 = Release|x64
		{764EE145-B7BA-4F01-B333-DE9FBBE622AE}.Release|x86.ActiveCfg = Release|Win32
		{764EE145-B7BA-4F01-B333-DE9FBBE622AE}.Release|x86.Build.0 = Release|Win32
		{508CB485-3731-4B14-9DAC-C78DD4655A12}.Debug|x64.ActiveCfg = Debug|x64
		{508CB485-3731-4B14-9DAC-C78DD4655A12}.Debug|x64.Build.0 = Debug|x64
		{508CB485-3731-4B14-9DAC-C78DD4655A12}.Debug|x86.ActiveCfg = Debug|Win32
		{508CB485-3731-4B14-9DAC-C78DD4655A12}.Debug|x86.Build.0 = Debug|Win32
		{508CB485-3731-4B14-9DAC-C78DD4655A12}.Release|x64.ActiveCfg = Release|x64
		{508CB485-3731-4B14-9DAC-C78DD4655A12}.Release|x64.Build.0 = Release|x64
		{508CB485-3731-4B14-9DAC-C78DD4655A12}.Release|x86.ActiveCfg = Release|Win32
		{508CB485-3731-4B14-9DAC-C78DD4655A12}.Release|x86.Build.0 = Release|Win32
		{2D513B58-4617-4087-A56A-75D086892EE1}.Debug|x64.ActiveCfg = Debug|x64
		{2D513B58-4617-4087-A56A-75D086892EE1}.Debug|x64.Build.0 = Debug|x64
		{2D513B58-4617-4087-A56A-75D086892EE1}.Debug|x86.ActiveCfg = Debug|Win32
		{2D513B58-4617-4087-A56A-75D086892EE1}.Debug|x86.Build.0 = Debug|Win32
		{2D513B58-4617-4087-A56A-75D086892EE1}.Release|x64.ActiveCfg = Release|x64
		{2D513B58-4617-4087-A56A-75D086892EE1}.Release|x64.Build.0 = Release|x64
		{2D513B58-4617-4087-A56A-75D086892EE1}.Release|x86.ActiveCfg = Release|Win32
		{2D513B58-4617-4087-A56A-75D086892EE1}.Release|x86.Build.0 = Release|Win32
		{FEBE1DB7-EA41-4FF1-BA4C-BF98B8768D35}.Debug|x64.ActiveCfg = Debug|x64
		{FEBE1DB7-EA41-4FF1-BA4C-BF98B8768D35}.Debug|x64.Build.0 = Debug|x64
		{FEBE1DB7-EA41-4FF1-BA4C-BF98B8768D35}.Debug|x86.ActiveCfg = Debug|Win32
		{FEBE1DB7-EA41-4FF1-BA4C-BF98B8768D35}.Debug|x86.Build.0 = Debug|Win32
		{FEBE1DB7-EA41-4FF1-BA4C-BF98B8768D35}.Release|x64.ActiveCfg = Release|x64
		{FEBE1DB7-EA41-4FF1-BA4C-BF98B8768D35}.Release|x64.Build.0 = Release|x64
		{FEBE1DB7-EA41-4FF1-BA4C-BF98B8768D35}.Release|x86.ActiveCfg = Release|Win32
		{FEBE1DB7-EA41-4FF1-BA4C-BF98B8768D35}.Release|x86.Build.0 = Release|Win32
		{A86CCF41-E09B-431A-BD47-9D5360AF6B7B}.Debug|x64.ActiveCfg = Debug|x64
		{A86CCF41-E09B-431A-BD47-9D5360AF6B7B}.Debug|x64.Build.0 = Debug|x64
		{A86CCF41-E09B-431A-BD47-9D5360AF6B7B}.Debug|x86.ActiveCfg = Debug|Win32
		{A86CCF41-E09B-431A-BD47-9D5360AF6B7B}.Debug|x86.Build.0 = Debug|Win32
		{A86CCF41-E09B-431A-BD47-9D5360AF6B7B}.Release|x64.ActiveCfg = Release|x64
		{A86CCF41-E09B-431A-BD47-9D5360AF6B7B}.Release|x64.Build.0 = Release|x64
		{A86CCF41-E09B-431A-BD47-9D5360AF6B7B}.Release|x86.ActiveCfg = Release|Win32
		{A86CCF41-E09B-431A-BD47-9D5360AF6B7B}.Release|x86.Build.0 = Release|Win32
		{1A255828-E6C6-46BF-B453-D7A6CCD0DB70}.Debug|x64.ActiveCfg = Debug|x64
		{1A255828-E6C6-46BF-B453-D7A6CCD0DB70}.Debug|x64.Build.0 = Debug|x64
		{1A255828-E6C6-46BF-B453-D7A6CCD0DB70}.Debug|x86.ActiveCfg = Debug|Win32
		{1A255828-E6C6-46BF-B453-D7A6CCD0DB70}.Debug|x86.Build.0 = Debug|Win32
		{1A255828-E6C6-46BF-B453-D7A6CCD0DB70}.Release|x64.ActiveCfg = Release|x64
		{1A255828-E6C6-46BF-B453-D7A6CCD0DB70}.Release|x64.Build.0 = Release|x64
		{1A255828-E6C6-46BF-B453-D7A6CCD0DB70}.Release|x86.ActiveCfg = Release|Win32
		{1A255828-E6C6-46BF-B453-D7A6CCD0DB70}.Release|x86.Build.0 = Release|Win32
		{7015594D-C119-4824-B23E-CFA8D918FCFD}.Debug|x64.ActiveCfg = Debug|x64
		{7015594D-C119-4824-B23E-CFA8D918FCFD}.Debug|x64.Build.0 = Debug|x64
		{7015594D-C119-4824-B23E-CFA8D918FCFD}.Debug|x86.ActiveCfg = Debug|Win32
		{7015594D-C119-4824-B23E-CFA8D918FCFD}.Debug|x86.Build.0 = Debug|Win32
		{7015594D-C119-4824-B23E-CFA8D918FCFD}.Release|x64.ActiveCfg = Release|x64
		{7015594D-C119-4824-B23E-CFA8D918FCFD}.Release|x64.Build.0 = Release|x64
		{7015594D-C119-4824-B23E-CFA8D918FCFD}.Release|x86.ActiveCfg = Release|Win32
		{7015594D-C119-4824-B23E-CFA8D918FCFD}.Release|x86.Build.0 = Release|Win32
		{0ECCEC7D-342D-4EBD-BA83-BD6E3575725A}.Debug|x64.ActiveCfg = Debug|x64
		{0ECCEC7D-342D-4EBD-BA83-BD6E3575725A}.Debug|x64.Build.0 = Debug|x64
		{0ECCEC7D-342D-4EBD-BA83-BD6E3575725A}.Debug|x86.ActiveCfg = Debug|Win32
		{0ECCEC7D-342D-4EBD-BA83-BD6E3575725A}.Debug|x86.Build.0 = Debug|Win32
		{0ECCEC7D-342D-4EBD-BA83-BD6E3575725A}.Release|x64.ActiveCfg = Release|x64
		{0ECCEC7D-342D-4EBD-BA83-BD6E3575725A}.Release|x64.Build.0 = Release|x64
		{0ECCEC7D-342D-4EBD-BA83-BD6E3575725A}.Release|x86.ActiveCfg = Release|Win32
		{0ECCEC7D-342D-4EBD-BA83-BD6E3575725A}.Release|x86.Build.0 = Release|Win32
		{7719C26C-0627-466D-B3DF-D321306F6D23}.Debug|x64.ActiveCfg = Debug|x64
		{7719C26C-0627-466D-B3DF-D321306F6D23}.Debug|x64.Build.0 = Debug|x64
		{7719C26C-0627-466D-B3DF-D321306F6D23}.Debug|x86.ActiveCfg = Debug|Win32
		{7719C26C-0627-466D-B3DF-D321306F6D23}.Debug|x86.Build.0 = Debug|Win32
		{7719C26C-0627-466D-B3DF-D321306F6D23}.Release|x64.ActiveCfg = Release|x64
		{7719C26C-0627-466D-B3DF-D321306F6D23}.Release|x64.Build.0 = Release|x64
		{7719C26C-0627-466D-B3DF-D321306F6D23}.Release|x86.ActiveCfg = Release|Win32
		{7719C26C-0627-466D-B3DF-D321306F6D23}.Release|x86.Build.0 = Release|Win32
		{276F230C-F07C-4201-A8D8-1F4865C4030B}.Debug|x64.ActiveCfg = Debug|x64
		{276F230C-F07C-4201-A8D8-1F4865C4030B}.Debug|x64.Build.0 = Debug|x64
		{276F230C-F07C-4201-A8D8-1F4865C4030B}.Debug|x86.ActiveCfg = Debug|Win32
		{276F230C-F07C-4201-A8D8-1F4865C4030B}.Debug|x86.Build.0 = Debug|Win32
		{276F230C-F07C-4201-A8D8-1F4865C4030B}.Release|x64.ActiveCfg = Release|x64
		{276F230C-F07C-4201-A8D8-1F4865C4030B}.Release|x64.Build.0 = Release|x64
		{276F230C-F07C-4201-A8D8-1F4865C4030B}.Release|x86.ActiveCfg = Release|Win32
		{276F230C-F07C-4201-A8D8-1F4865C4030B}.Release|x86.Build.0 = Release|Win32
	EndGlobalSection
	GlobalSection(SolutionProperties) = preSolution
		HideSolutionNode = FALSE
	EndGlobalSection
	GlobalSection(ExtensibilityGlobals) = postSolution
		SolutionGuid = {4F637C30-B9FA-4FDF-A31D-13DC900A2D61}
	EndGlobalSection
EndGlobal
