<?xml version="1.0" encoding="utf-8"?>
<Project ToolsVersion="4.0" xmlns="http://schemas.microsoft.com/developer/msbuild/2003">
  <ItemGroup>
    <Filter Include="源文件">
      <UniqueIdentifier>{4FC737F1-C7A5-4376-A066-2A32D752A2FF}</UniqueIdentifier>
      <Extensions>cpp;c;cc;cxx;def;odl;idl;hpj;bat;asm;asmx</Extensions>
    </Filter>
    <Filter Include="头文件">
      <UniqueIdentifier>{93995380-89BD-4b04-88EB-625FBE52EBFB}</UniqueIdentifier>
      <Extensions>h;hh;hpp;hxx;hm;inl;inc;xsd</Extensions>
    </Filter>
    <Filter Include="资源文件">
      <UniqueIdentifier>{67DA6AB6-F800-4c08-8B7A-83BB121AAD01}</UniqueIdentifier>
      <Extensions>rc;ico;cur;bmp;dlg;rc2;rct;bin;rgs;gif;jpg;jpeg;jpe;resx;tiff;tif;png;wav;mfcribbon-ms</Extensions>
    </Filter>
  </ItemGroup>
  <ItemGroup>
    <Text Include="ReadMe.txt" />
  </ItemGroup>
  <ItemGroup>
    <ClInclude Include="stdafx.h">
      <Filter>头文件</Filter>
    </ClInclude>
    <ClInclude Include="targetver.h">
      <Filter>头文件</Filter>
    </ClInclude>
    <ClInclude Include="ModelInput.h">
      <Filter>头文件</Filter>
    </ClInclude>
    <ClInclude Include="resource.h">
      <Filter>头文件</Filter>
    </ClInclude>
    <ClInclude Include="OsgUtil.h">
      <Filter>头文件</Filter>
    </ClInclude>
    <ClInclude Include="Cesium.h">
      <Filter>头文件</Filter>
    </ClInclude>
    <ClInclude Include="B3dm.h">
      <Filter>头文件</Filter>
    </ClInclude>
    <ClInclude Include="binpack.hpp">
      <Filter>头文件</Filter>
    </ClInclude>
    <ClInclude Include="BintreeSplitor.h">
      <Filter>头文件</Filter>
    </ClInclude>
    <ClInclude Include="PostProcess.h">
      <Filter>头文件</Filter>
    </ClInclude>
    <ClInclude Include="TexturePacker.h">
      <Filter>头文件</Filter>
    </ClInclude>
    <ClInclude Include="VcgUtil.h">
      <Filter>头文件</Filter>
    </ClInclude>
    <ClInclude Include="SubScene.h">
      <Filter>头文件</Filter>
    </ClInclude>
    <ClInclude Include="SceneOutput.h">
      <Filter>头文件</Filter>
    </ClInclude>
    <ClInclude Include="Scene2Gltf.h">
      <Filter>头文件</Filter>
    </ClInclude>
    <ClInclude Include="SceneOutputConfig.h">
      <Filter>头文件</Filter>
    </ClInclude>
    <ClInclude Include="SubScenePacker.h">
      <Filter>头文件</Filter>
    </ClInclude>
    <ClInclude Include="ifcenginematerial.h">
      <Filter>头文件</Filter>
    </ClInclude>
    <ClInclude Include="ifcengineunit.h">
      <Filter>头文件</Filter>
    </ClInclude>
    <ClInclude Include="tiny_gltf.h">
      <Filter>头文件</Filter>
    </ClInclude>
    <ClInclude Include="custom_material.h">
      <Filter>头文件</Filter>
    </ClInclude>
    <ClInclude Include="Register.h">
      <Filter>头文件</Filter>
    </ClInclude>
  </ItemGroup>
  <ItemGroup>
    <ClCompile Include="stdafx.cpp">
      <Filter>源文件</Filter>
    </ClCompile>
    <ClCompile Include="OsgUtil.cpp">
      <Filter>源文件</Filter>
    </ClCompile>
    <ClCompile Include="Cesium.cpp">
      <Filter>源文件</Filter>
    </ClCompile>
    <ClCompile Include="B3dm.cpp">
      <Filter>源文件</Filter>
    </ClCompile>
    <ClCompile Include="BintreeSplitor.cpp">
      <Filter>源文件</Filter>
    </ClCompile>
    <ClCompile Include="PostProcess.cpp">
      <Filter>源文件</Filter>
    </ClCompile>
    <ClCompile Include="TexturePacker.cpp">
      <Filter>源文件</Filter>
    </ClCompile>
    <ClCompile Include="VcgUtil.cpp">
      <Filter>源文件</Filter>
    </ClCompile>
    <ClCompile Include="SubScene.cpp">
      <Filter>源文件</Filter>
    </ClCompile>
    <ClCompile Include="SceneOutput.cpp">
      <Filter>源文件</Filter>
    </ClCompile>
    <ClCompile Include="Scene2Gltf.cpp">
      <Filter>源文件</Filter>
    </ClCompile>
    <ClCompile Include="SceneOutputConfig.cpp">
      <Filter>源文件</Filter>
    </ClCompile>
    <ClCompile Include="SubScenePacker.cpp">
      <Filter>源文件</Filter>
    </ClCompile>
    <ClCompile Include="bim23dtiles.cpp">
      <Filter>源文件</Filter>
    </ClCompile>
    <ClCompile Include="ModelInput.cpp">
      <Filter>源文件</Filter>
    </ClCompile>
    <ClCompile Include="ModelInputGdal.cpp">
      <Filter>源文件</Filter>
    </ClCompile>
    <ClCompile Include="draco_gltf.cpp">
      <Filter>源文件</Filter>
    </ClCompile>
    <ClCompile Include="custom_json.cpp">
      <Filter>源文件</Filter>
    </ClCompile>
    <ClCompile Include="custom_material.cpp">
      <Filter>源文件</Filter>
    </ClCompile>
    <ClCompile Include="tinygltf_impl.cpp">
      <Filter>源文件</Filter>
    </ClCompile>
    <ClCompile Include="flat_shaders.cpp">
      <Filter>源文件</Filter>
    </ClCompile>
    <ClCompile Include="normal_shaders.cpp">
      <Filter>源文件</Filter>
    </ClCompile>
    <ClCompile Include="Register.cpp">
      <Filter>源文件</Filter>
    </ClCompile>
  </ItemGroup>
  <ItemGroup>
    <ResourceCompile Include="ifc23dtiles.rc">
      <Filter>资源文件</Filter>
    </ResourceCompile>
  </ItemGroup>
  <ItemGroup>
    <None Include="task.json" />
    <None Include="fs.glsl" />
    <None Include="vs.glsl" />
    <None Include="ClassDiagram.cd" />
  </ItemGroup>
</Project>